// !$*UTF8*$!
{
	archiveVersion = 1;
	classes = {
	};
	objectVersion = 50;
	objects = {

/* Begin PBXBuildFile section */
		3A3AB9A62546B58B00CEB460 /* main.cpp in Sources */ = {isa = PBXBuildFile; fileRef = 3A3AB9A52546B58B00CEB460 /* main.cpp */; };
		3A64F5D72547B8A3009AF123 /* main.cpp in Sources */ = {isa = PBXBuildFile; fileRef = 3A64F5D62547B8A3009AF123 /* main.cpp */; };
		3A64F5E62547BDF4009AF123 /* main.cpp in Sources */ = {isa = PBXBuildFile; fileRef = 3A64F5E52547BDF4009AF123 /* main.cpp */; };
		3A64F5F42547D286009AF123 /* main.cpp in Sources */ = {isa = PBXBuildFile; fileRef = 3A64F5F32547D286009AF123 /* main.cpp */; };
		3A64F6032547DF38009AF123 /* main.cpp in Sources */ = {isa = PBXBuildFile; fileRef = 3A64F6022547DF38009AF123 /* main.cpp */; };
/* End PBXBuildFile section */

/* Begin PBXCopyFilesBuildPhase section */
		3A3AB9A02546B58B00CEB460 /* CopyFiles */ = {
			isa = PBXCopyFilesBuildPhase;
			buildActionMask = 2147483647;
			dstPath = /usr/share/man/man1/;
			dstSubfolderSpec = 0;
			files = (
			);
			runOnlyForDeploymentPostprocessing = 1;
		};
		3A64F5D22547B8A3009AF123 /* CopyFiles */ = {
			isa = PBXCopyFilesBuildPhase;
			buildActionMask = 2147483647;
			dstPath = /usr/share/man/man1/;
			dstSubfolderSpec = 0;
			files = (
			);
			runOnlyForDeploymentPostprocessing = 1;
		};
		3A64F5E12547BDF4009AF123 /* CopyFiles */ = {
			isa = PBXCopyFilesBuildPhase;
			buildActionMask = 2147483647;
			dstPath = /usr/share/man/man1/;
			dstSubfolderSpec = 0;
			files = (
			);
			runOnlyForDeploymentPostprocessing = 1;
		};
		3A64F5EF2547D286009AF123 /* CopyFiles */ = {
			isa = PBXCopyFilesBuildPhase;
			buildActionMask = 2147483647;
			dstPath = /usr/share/man/man1/;
			dstSubfolderSpec = 0;
			files = (
			);
			runOnlyForDeploymentPostprocessing = 1;
		};
		3A64F5FE2547DF38009AF123 /* CopyFiles */ = {
			isa = PBXCopyFilesBuildPhase;
			buildActionMask = 2147483647;
			dstPath = /usr/share/man/man1/;
			dstSubfolderSpec = 0;
			files = (
			);
			runOnlyForDeploymentPostprocessing = 1;
		};
/* End PBXCopyFilesBuildPhase section */

/* Begin PBXFileReference section */
		3A3AB9A22546B58B00CEB460 /* Chapter6 */ = {isa = PBXFileReference; explicitFileType = "compiled.mach-o.executable"; includeInIndex = 0; path = Chapter6; sourceTree = BUILT_PRODUCTS_DIR; };
		3A3AB9A52546B58B00CEB460 /* main.cpp */ = {isa = PBXFileReference; lastKnownFileType = sourcecode.cpp.cpp; path = main.cpp; sourceTree = "<group>"; };
		3A64F5D42547B8A3009AF123 /* Chap6_2_array_basic_2 */ = {isa = PBXFileReference; explicitFileType = "compiled.mach-o.executable"; includeInIndex = 0; path = Chap6_2_array_basic_2; sourceTree = BUILT_PRODUCTS_DIR; };
		3A64F5D62547B8A3009AF123 /* main.cpp */ = {isa = PBXFileReference; lastKnownFileType = sourcecode.cpp.cpp; path = main.cpp; sourceTree = "<group>"; };
		3A64F5E32547BDF4009AF123 /* Chap6_3_for_in_array */ = {isa = PBXFileReference; explicitFileType = "compiled.mach-o.executable"; includeInIndex = 0; path = Chap6_3_for_in_array; sourceTree = BUILT_PRODUCTS_DIR; };
		3A64F5E52547BDF4009AF123 /* main.cpp */ = {isa = PBXFileReference; lastKnownFileType = sourcecode.cpp.cpp; path = main.cpp; sourceTree = "<group>"; };
		3A64F5F12547D286009AF123 /* Chap6_4_selection_sort */ = {isa = PBXFileReference; explicitFileType = "compiled.mach-o.executable"; includeInIndex = 0; path = Chap6_4_selection_sort; sourceTree = BUILT_PRODUCTS_DIR; };
		3A64F5F32547D286009AF123 /* main.cpp */ = {isa = PBXFileReference; lastKnownFileType = sourcecode.cpp.cpp; path = main.cpp; sourceTree = "<group>"; };
		3A64F6002547DF38009AF123 /* Chap6_5_multi-dimensional_array */ = {isa = PBXFileReference; explicitFileType = "compiled.mach-o.executable"; includeInIndex = 0; path = "Chap6_5_multi-dimensional_array"; sourceTree = BUILT_PRODUCTS_DIR; };
		3A64F6022547DF38009AF123 /* main.cpp */ = {isa = PBXFileReference; lastKnownFileType = sourcecode.cpp.cpp; path = main.cpp; sourceTree = "<group>"; };
/* End PBXFileReference section */

/* Begin PBXFrameworksBuildPhase section */
		3A3AB99F2546B58B00CEB460 /* Frameworks */ = {
			isa = PBXFrameworksBuildPhase;
			buildActionMask = 2147483647;
			files = (
			);
			runOnlyForDeploymentPostprocessing = 0;
		};
		3A64F5D12547B8A3009AF123 /* Frameworks */ = {
			isa = PBXFrameworksBuildPhase;
			buildActionMask = 2147483647;
			files = (
			);
			runOnlyForDeploymentPostprocessing = 0;
		};
		3A64F5E02547BDF4009AF123 /* Frameworks */ = {
			isa = PBXFrameworksBuildPhase;
			buildActionMask = 2147483647;
			files = (
			);
			runOnlyForDeploymentPostprocessing = 0;
		};
		3A64F5EE2547D286009AF123 /* Frameworks */ = {
			isa = PBXFrameworksBuildPhase;
			buildActionMask = 2147483647;
			files = (
			);
			runOnlyForDeploymentPostprocessing = 0;
		};
		3A64F5FD2547DF38009AF123 /* Frameworks */ = {
			isa = PBXFrameworksBuildPhase;
			buildActionMask = 2147483647;
			files = (
			);
			runOnlyForDeploymentPostprocessing = 0;
		};
/* End PBXFrameworksBuildPhase section */

/* Begin PBXGroup section */
		3A3AB9992546B58B00CEB460 = {
			isa = PBXGroup;
			children = (
				3A3AB9A42546B58B00CEB460 /* Chap6_1_array_basic_1 */,
				3A64F5D52547B8A3009AF123 /* Chap6_2_array_basic_2 */,
				3A64F5E42547BDF4009AF123 /* Chap6_3_for_in_array */,
				3A64F5F22547D286009AF123 /* Chap6_4_selection_sort */,
				3A64F6012547DF38009AF123 /* Chap6_5_multi-dimensional_array */,
				3A3AB9A32546B58B00CEB460 /* Products */,
			);
			sourceTree = "<group>";
		};
		3A3AB9A32546B58B00CEB460 /* Products */ = {
			isa = PBXGroup;
			children = (
				3A3AB9A22546B58B00CEB460 /* Chapter6 */,
				3A64F5D42547B8A3009AF123 /* Chap6_2_array_basic_2 */,
				3A64F5E32547BDF4009AF123 /* Chap6_3_for_in_array */,
				3A64F5F12547D286009AF123 /* Chap6_4_selection_sort */,
				3A64F6002547DF38009AF123 /* Chap6_5_multi-dimensional_array */,
			);
			name = Products;
			sourceTree = "<group>";
		};
		3A3AB9A42546B58B00CEB460 /* Chap6_1_array_basic_1 */ = {
			isa = PBXGroup;
			children = (
				3A3AB9A52546B58B00CEB460 /* main.cpp */,
			);
			path = Chap6_1_array_basic_1;
			sourceTree = "<group>";
		};
		3A64F5D52547B8A3009AF123 /* Chap6_2_array_basic_2 */ = {
			isa = PBXGroup;
			children = (
				3A64F5D62547B8A3009AF123 /* main.cpp */,
			);
			path = Chap6_2_array_basic_2;
			sourceTree = "<group>";
		};
		3A64F5E42547BDF4009AF123 /* Chap6_3_for_in_array */ = {
			isa = PBXGroup;
			children = (
				3A64F5E52547BDF4009AF123 /* main.cpp */,
			);
			path = Chap6_3_for_in_array;
			sourceTree = "<group>";
		};
		3A64F5F22547D286009AF123 /* Chap6_4_selection_sort */ = {
			isa = PBXGroup;
			children = (
				3A64F5F32547D286009AF123 /* main.cpp */,
			);
			path = Chap6_4_selection_sort;
			sourceTree = "<group>";
		};
		3A64F6012547DF38009AF123 /* Chap6_5_multi-dimensional_array */ = {
			isa = PBXGroup;
			children = (
				3A64F6022547DF38009AF123 /* main.cpp */,
			);
			path = "Chap6_5_multi-dimensional_array";
			sourceTree = "<group>";
		};
/* End PBXGroup section */

/* Begin PBXNativeTarget section */
		3A3AB9A12546B58B00CEB460 /* Chapter6 */ = {
			isa = PBXNativeTarget;
			buildConfigurationList = 3A3AB9A92546B58B00CEB460 /* Build configuration list for PBXNativeTarget "Chapter6" */;
			buildPhases = (
				3A3AB99E2546B58B00CEB460 /* Sources */,
				3A3AB99F2546B58B00CEB460 /* Frameworks */,
				3A3AB9A02546B58B00CEB460 /* CopyFiles */,
			);
			buildRules = (
			);
			dependencies = (
			);
			name = Chapter6;
			productName = Chapter6;
			productReference = 3A3AB9A22546B58B00CEB460 /* Chapter6 */;
			productType = "com.apple.product-type.tool";
		};
		3A64F5D32547B8A3009AF123 /* Chap6_2_array_basic_2 */ = {
			isa = PBXNativeTarget;
			buildConfigurationList = 3A64F5D82547B8A3009AF123 /* Build configuration list for PBXNativeTarget "Chap6_2_array_basic_2" */;
			buildPhases = (
				3A64F5D02547B8A3009AF123 /* Sources */,
				3A64F5D12547B8A3009AF123 /* Frameworks */,
				3A64F5D22547B8A3009AF123 /* CopyFiles */,
			);
			buildRules = (
			);
			dependencies = (
			);
			name = Chap6_2_array_basic_2;
			productName = Chap6_2_array_basic_2;
			productReference = 3A64F5D42547B8A3009AF123 /* Chap6_2_array_basic_2 */;
			productType = "com.apple.product-type.tool";
		};
		3A64F5E22547BDF4009AF123 /* Chap6_3_for_in_array */ = {
			isa = PBXNativeTarget;
			buildConfigurationList = 3A64F5E72547BDF4009AF123 /* Build configuration list for PBXNativeTarget "Chap6_3_for_in_array" */;
			buildPhases = (
				3A64F5DF2547BDF4009AF123 /* Sources */,
				3A64F5E02547BDF4009AF123 /* Frameworks */,
				3A64F5E12547BDF4009AF123 /* CopyFiles */,
			);
			buildRules = (
			);
			dependencies = (
			);
			name = Chap6_3_for_in_array;
			productName = Chap6_3_for_in_array;
			productReference = 3A64F5E32547BDF4009AF123 /* Chap6_3_for_in_array */;
			productType = "com.apple.product-type.tool";
		};
		3A64F5F02547D286009AF123 /* Chap6_4_selection_sort */ = {
			isa = PBXNativeTarget;
			buildConfigurationList = 3A64F5F52547D286009AF123 /* Build configuration list for PBXNativeTarget "Chap6_4_selection_sort" */;
			buildPhases = (
				3A64F5ED2547D286009AF123 /* Sources */,
				3A64F5EE2547D286009AF123 /* Frameworks */,
				3A64F5EF2547D286009AF123 /* CopyFiles */,
			);
			buildRules = (
			);
			dependencies = (
			);
			name = Chap6_4_selection_sort;
			productName = Chap6_4_selection_sort;
			productReference = 3A64F5F12547D286009AF123 /* Chap6_4_selection_sort */;
			productType = "com.apple.product-type.tool";
		};
		3A64F5FF2547DF38009AF123 /* Chap6_5_multi-dimensional_array */ = {
			isa = PBXNativeTarget;
			buildConfigurationList = 3A64F6042547DF38009AF123 /* Build configuration list for PBXNativeTarget "Chap6_5_multi-dimensional_array" */;
			buildPhases = (
				3A64F5FC2547DF38009AF123 /* Sources */,
				3A64F5FD2547DF38009AF123 /* Frameworks */,
				3A64F5FE2547DF38009AF123 /* CopyFiles */,
			);
			buildRules = (
			);
			dependencies = (
			);
			name = "Chap6_5_multi-dimensional_array";
			productName = "Chap6_5_multi-dimensional_array";
			productReference = 3A64F6002547DF38009AF123 /* Chap6_5_multi-dimensional_array */;
			productType = "com.apple.product-type.tool";
		};
/* End PBXNativeTarget section */

/* Begin PBXProject section */
		3A3AB99A2546B58B00CEB460 /* Project object */ = {
			isa = PBXProject;
			attributes = {
				LastUpgradeCheck = 1210;
				TargetAttributes = {
					3A3AB9A12546B58B00CEB460 = {
						CreatedOnToolsVersion = 12.1;
					};
					3A64F5D32547B8A3009AF123 = {
						CreatedOnToolsVersion = 12.1;
					};
					3A64F5E22547BDF4009AF123 = {
						CreatedOnToolsVersion = 12.1;
					};
					3A64F5F02547D286009AF123 = {
						CreatedOnToolsVersion = 12.1;
					};
					3A64F5FF2547DF38009AF123 = {
						CreatedOnToolsVersion = 12.1;
					};
				};
			};
			buildConfigurationList = 3A3AB99D2546B58B00CEB460 /* Build configuration list for PBXProject "Chapter6" */;
			compatibilityVersion = "Xcode 9.3";
			developmentRegion = en;
			hasScannedForEncodings = 0;
			knownRegions = (
				en,
				Base,
			);
			mainGroup = 3A3AB9992546B58B00CEB460;
			productRefGroup = 3A3AB9A32546B58B00CEB460 /* Products */;
			projectDirPath = "";
			projectRoot = "";
			targets = (
				3A3AB9A12546B58B00CEB460 /* Chapter6 */,
				3A64F5D32547B8A3009AF123 /* Chap6_2_array_basic_2 */,
				3A64F5E22547BDF4009AF123 /* Chap6_3_for_in_array */,
				3A64F5F02547D286009AF123 /* Chap6_4_selection_sort */,
				3A64F5FF2547DF38009AF123 /* Chap6_5_multi-dimensional_array */,
			);
		};
/* End PBXProject section */

/* Begin PBXSourcesBuildPhase section */
		3A3AB99E2546B58B00CEB460 /* Sources */ = {
			isa = PBXSourcesBuildPhase;
			buildActionMask = 2147483647;
			files = (
				3A3AB9A62546B58B00CEB460 /* main.cpp in Sources */,
			);
			runOnlyForDeploymentPostprocessing = 0;
		};
		3A64F5D02547B8A3009AF123 /* Sources */ = {
			isa = PBXSourcesBuildPhase;
			buildActionMask = 2147483647;
			files = (
				3A64F5D72547B8A3009AF123 /* main.cpp in Sources */,
			);
			runOnlyForDeploymentPostprocessing = 0;
		};
		3A64F5DF2547BDF4009AF123 /* Sources */ = {
			isa = PBXSourcesBuildPhase;
			buildActionMask = 2147483647;
			files = (
				3A64F5E62547BDF4009AF123 /* main.cpp in Sources */,
			);
			runOnlyForDeploymentPostprocessing = 0;
		};
		3A64F5ED2547D286009AF123 /* Sources */ = {
			isa = PBXSourcesBuildPhase;
			buildActionMask = 2147483647;
			files = (
				3A64F5F42547D286009AF123 /* main.cpp in Sources */,
			);
			runOnlyForDeploymentPostprocessing = 0;
		};
		3A64F5FC2547DF38009AF123 /* Sources */ = {
			isa = PBXSourcesBuildPhase;
			buildActionMask = 2147483647;
			files = (
				3A64F6032547DF38009AF123 /* main.cpp in Sources */,
			);
			runOnlyForDeploymentPostprocessing = 0;
		};
/* End PBXSourcesBuildPhase section */

/* Begin XCBuildConfiguration section */
		3A3AB9A72546B58B00CEB460 /* Debug */ = {
			isa = XCBuildConfiguration;
			buildSettings = {
				ALWAYS_SEARCH_USER_PATHS = NO;
				CLANG_ANALYZER_NONNULL = YES;
				CLANG_ANALYZER_NUMBER_OBJECT_CONVERSION = YES_AGGRESSIVE;
				CLANG_CXX_LANGUAGE_STANDARD = "gnu++14";
				CLANG_CXX_LIBRARY = "libc++";
				CLANG_ENABLE_MODULES = YES;
				CLANG_ENABLE_OBJC_ARC = YES;
				CLANG_ENABLE_OBJC_WEAK = YES;
				CLANG_WARN_BLOCK_CAPTURE_AUTORELEASING = YES;
				CLANG_WARN_BOOL_CONVERSION = YES;
				CLANG_WARN_COMMA = YES;
				CLANG_WARN_CONSTANT_CONVERSION = YES;
				CLANG_WARN_DEPRECATED_OBJC_IMPLEMENTATIONS = YES;
				CLANG_WARN_DIRECT_OBJC_ISA_USAGE = YES_ERROR;
				CLANG_WARN_DOCUMENTATION_COMMENTS = YES;
				CLANG_WARN_EMPTY_BODY = YES;
				CLANG_WARN_ENUM_CONVERSION = YES;
				CLANG_WARN_INFINITE_RECURSION = YES;
				CLANG_WARN_INT_CONVERSION = YES;
				CLANG_WARN_NON_LITERAL_NULL_CONVERSION = YES;
				CLANG_WARN_OBJC_IMPLICIT_RETAIN_SELF = YES;
				CLANG_WARN_OBJC_LITERAL_CONVERSION = YES;
				CLANG_WARN_OBJC_ROOT_CLASS = YES_ERROR;
				CLANG_WARN_QUOTED_INCLUDE_IN_FRAMEWORK_HEADER = YES;
				CLANG_WARN_RANGE_LOOP_ANALYSIS = YES;
				CLANG_WARN_STRICT_PROTOTYPES = YES;
				CLANG_WARN_SUSPICIOUS_MOVE = YES;
				CLANG_WARN_UNGUARDED_AVAILABILITY = YES_AGGRESSIVE;
				CLANG_WARN_UNREACHABLE_CODE = YES;
				CLANG_WARN__DUPLICATE_METHOD_MATCH = YES;
				COPY_PHASE_STRIP = NO;
				DEBUG_INFORMATION_FORMAT = dwarf;
				ENABLE_STRICT_OBJC_MSGSEND = YES;
				ENABLE_TESTABILITY = YES;
				GCC_C_LANGUAGE_STANDARD = gnu11;
				GCC_DYNAMIC_NO_PIC = NO;
				GCC_NO_COMMON_BLOCKS = YES;
				GCC_OPTIMIZATION_LEVEL = 0;
				GCC_PREPROCESSOR_DEFINITIONS = (
					"DEBUG=1",
					"$(inherited)",
				);
				GCC_WARN_64_TO_32_BIT_CONVERSION = YES;
				GCC_WARN_ABOUT_RETURN_TYPE = YES_ERROR;
				GCC_WARN_UNDECLARED_SELECTOR = YES;
				GCC_WARN_UNINITIALIZED_AUTOS = YES_AGGRESSIVE;
				GCC_WARN_UNUSED_FUNCTION = YES;
				GCC_WARN_UNUSED_VARIABLE = YES;
				MACOSX_DEPLOYMENT_TARGET = 10.15;
				MTL_ENABLE_DEBUG_INFO = INCLUDE_SOURCE;
				MTL_FAST_MATH = YES;
				ONLY_ACTIVE_ARCH = YES;
				SDKROOT = macosx;
			};
			name = Debug;
		};
		3A3AB9A82546B58B00CEB460 /* Release */ = {
			isa = XCBuildConfiguration;
			buildSettings = {
				ALWAYS_SEARCH_USER_PATHS = NO;
				CLANG_ANALYZER_NONNULL = YES;
				CLANG_ANALYZER_NUMBER_OBJECT_CONVERSION = YES_AGGRESSIVE;
				CLANG_CXX_LANGUAGE_STANDARD = "gnu++14";
				CLANG_CXX_LIBRARY = "libc++";
				CLANG_ENABLE_MODULES = YES;
				CLANG_ENABLE_OBJC_ARC = YES;
				CLANG_ENABLE_OBJC_WEAK = YES;
				CLANG_WARN_BLOCK_CAPTURE_AUTORELEASING = YES;
				CLANG_WARN_BOOL_CONVERSION = YES;
				CLANG_WARN_COMMA = YES;
				CLANG_WARN_CONSTANT_CONVERSION = YES;
				CLANG_WARN_DEPRECATED_OBJC_IMPLEMENTATIONS = YES;
				CLANG_WARN_DIRECT_OBJC_ISA_USAGE = YES_ERROR;
				CLANG_WARN_DOCUMENTATION_COMMENTS = YES;
				CLANG_WARN_EMPTY_BODY = YES;
				CLANG_WARN_ENUM_CONVERSION = YES;
				CLANG_WARN_INFINITE_RECURSION = YES;
				CLANG_WARN_INT_CONVERSION = YES;
				CLANG_WARN_NON_LITERAL_NULL_CONVERSION = YES;
				CLANG_WARN_OBJC_IMPLICIT_RETAIN_SELF = YES;
				CLANG_WARN_OBJC_LITERAL_CONVERSION = YES;
				CLANG_WARN_OBJC_ROOT_CLASS = YES_ERROR;
				CLANG_WARN_QUOTED_INCLUDE_IN_FRAMEWORK_HEADER = YES;
				CLANG_WARN_RANGE_LOOP_ANALYSIS = YES;
				CLANG_WARN_STRICT_PROTOTYPES = YES;
				CLANG_WARN_SUSPICIOUS_MOVE = YES;
				CLANG_WARN_UNGUARDED_AVAILABILITY = YES_AGGRESSIVE;
				CLANG_WARN_UNREACHABLE_CODE = YES;
				CLANG_WARN__DUPLICATE_METHOD_MATCH = YES;
				COPY_PHASE_STRIP = NO;
				DEBUG_INFORMATION_FORMAT = "dwarf-with-dsym";
				ENABLE_NS_ASSERTIONS = NO;
				ENABLE_STRICT_OBJC_MSGSEND = YES;
				GCC_C_LANGUAGE_STANDARD = gnu11;
				GCC_NO_COMMON_BLOCKS = YES;
				GCC_WARN_64_TO_32_BIT_CONVERSION = YES;
				GCC_WARN_ABOUT_RETURN_TYPE = YES_ERROR;
				GCC_WARN_UNDECLARED_SELECTOR = YES;
				GCC_WARN_UNINITIALIZED_AUTOS = YES_AGGRESSIVE;
				GCC_WARN_UNUSED_FUNCTION = YES;
				GCC_WARN_UNUSED_VARIABLE = YES;
				MACOSX_DEPLOYMENT_TARGET = 10.15;
				MTL_ENABLE_DEBUG_INFO = NO;
				MTL_FAST_MATH = YES;
				SDKROOT = macosx;
			};
			name = Release;
		};
		3A3AB9AA2546B58B00CEB460 /* Debug */ = {
			isa = XCBuildConfiguration;
			buildSettings = {
				CODE_SIGN_STYLE = Automatic;
				PRODUCT_NAME = "$(TARGET_NAME)";
			};
			name = Debug;
		};
		3A3AB9AB2546B58B00CEB460 /* Release */ = {
			isa = XCBuildConfiguration;
			buildSettings = {
				CODE_SIGN_STYLE = Automatic;
				PRODUCT_NAME = "$(TARGET_NAME)";
			};
			name = Release;
		};
		3A64F5D92547B8A3009AF123 /* Debug */ = {
			isa = XCBuildConfiguration;
			buildSettings = {
				CODE_SIGN_STYLE = Automatic;
				PRODUCT_NAME = "$(TARGET_NAME)";
			};
			name = Debug;
		};
		3A64F5DA2547B8A3009AF123 /* Release */ = {
			isa = XCBuildConfiguration;
			buildSettings = {
				CODE_SIGN_STYLE = Automatic;
				PRODUCT_NAME = "$(TARGET_NAME)";
			};
			name = Release;
		};
		3A64F5E82547BDF4009AF123 /* Debug */ = {
			isa = XCBuildConfiguration;
			buildSettings = {
				CODE_SIGN_STYLE = Automatic;
				PRODUCT_NAME = "$(TARGET_NAME)";
			};
			name = Debug;
		};
		3A64F5E92547BDF4009AF123 /* Release */ = {
			isa = XCBuildConfiguration;
			buildSettings = {
				CODE_SIGN_STYLE = Automatic;
				PRODUCT_NAME = "$(TARGET_NAME)";
			};
			name = Release;
		};
		3A64F5F62547D286009AF123 /* Debug */ = {
			isa = XCBuildConfiguration;
			buildSettings = {
				CODE_SIGN_STYLE = Automatic;
				PRODUCT_NAME = "$(TARGET_NAME)";
			};
			name = Debug;
		};
		3A64F5F72547D286009AF123 /* Release */ = {
			isa = XCBuildConfiguration;
			buildSettings = {
				CODE_SIGN_STYLE = Automatic;
				PRODUCT_NAME = "$(TARGET_NAME)";
			};
			name = Release;
		};
		3A64F6052547DF38009AF123 /* Debug */ = {
			isa = XCBuildConfiguration;
			buildSettings = {
				CODE_SIGN_STYLE = Automatic;
				PRODUCT_NAME = "$(TARGET_NAME)";
			};
			name = Debug;
		};
		3A64F6062547DF38009AF123 /* Release */ = {
			isa = XCBuildConfiguration;
			buildSettings = {
				CODE_SIGN_STYLE = Automatic;
				PRODUCT_NAME = "$(TARGET_NAME)";
			};
			name = Release;
		};
/* End XCBuildConfiguration section */

/* Begin XCConfigurationList section */
		3A3AB99D2546B58B00CEB460 /* Build configuration list for PBXProject "Chapter6" */ = {
			isa = XCConfigurationList;
			buildConfigurations = (
				3A3AB9A72546B58B00CEB460 /* Debug */,
				3A3AB9A82546B58B00CEB460 /* Release */,
			);
			defaultConfigurationIsVisible = 0;
			defaultConfigurationName = Release;
		};
		3A3AB9A92546B58B00CEB460 /* Build configuration list for PBXNativeTarget "Chapter6" */ = {
			isa = XCConfigurationList;
			buildConfigurations = (
				3A3AB9AA2546B58B00CEB460 /* Debug */,
				3A3AB9AB2546B58B00CEB460 /* Release */,
			);
			defaultConfigurationIsVisible = 0;
			defaultConfigurationName = Release;
		};
		3A64F5D82547B8A3009AF123 /* Build configuration list for PBXNativeTarget "Chap6_2_array_basic_2" */ = {
			isa = XCConfigurationList;
			buildConfigurations = (
				3A64F5D92547B8A3009AF123 /* Debug */,
				3A64F5DA2547B8A3009AF123 /* Release */,
			);
			defaultConfigurationIsVisible = 0;
			defaultConfigurationName = Release;
		};
		3A64F5E72547BDF4009AF123 /* Build configuration list for PBXNativeTarget "Chap6_3_for_in_array" */ = {
			isa = XCConfigurationList;
			buildConfigurations = (
				3A64F5E82547BDF4009AF123 /* Debug */,
				3A64F5E92547BDF4009AF123 /* Release */,
			);
			defaultConfigurationIsVisible = 0;
			defaultConfigurationName = Release;
		};
		3A64F5F52547D286009AF123 /* Build configuration list for PBXNativeTarget "Chap6_4_selection_sort" */ = {
			isa = XCConfigurationList;
			buildConfigurations = (
				3A64F5F62547D286009AF123 /* Debug */,
				3A64F5F72547D286009AF123 /* Release */,
			);
			defaultConfigurationIsVisible = 0;
			defaultConfigurationName = Release;
		};
		3A64F6042547DF38009AF123 /* Build configuration list for PBXNativeTarget "Chap6_5_multi-dimensional_array" */ = {
			isa = XCConfigurationList;
			buildConfigurations = (
				3A64F6052547DF38009AF123 /* Debug */,
				3A64F6062547DF38009AF123 /* Release */,
			);
			defaultConfigurationIsVisible = 0;
			defaultConfigurationName = Release;
		};
/* End XCConfigurationList section */
	};
	rootObject = 3A3AB99A2546B58B00CEB460 /* Project object */;
}
